
Microsoft Visual Studio Solution File, Format Version 12.00
# Visual Studio Version 16
VisualStudioVersion = 16.0.810.9
MinimumVisualStudioVersion = 10.0.40219.1
Project("{FAE04EC0-301F-11D3-BF4B-00C04F79EFBC}") = "AOC.2021", "AOC.2021.csproj", "{446286A5-6144-4CAE-A495-AF585FFBA052}"
EndProject
Global
	GlobalSection(SolutionConfigurationPlatforms) = preSolution
		Debug|Any CPU = Debug|Any CPU
		Release|Any CPU = Release|Any CPU
	EndGlobalSection
	GlobalSection(ProjectConfigurationPlatforms) = postSolution
		{446286A5-6144-4CAE-A495-AF585FFBA052}.Debug|Any CPU.ActiveCfg = Debug|Any CPU
		{446286A5-6144-4CAE-A495-AF585FFBA052}.Debug|Any CPU.Build.0 = Debug|Any CPU
		{446286A5-6144-4CAE-A495-AF585FFBA052}.Release|Any CPU.ActiveCfg = Release|Any CPU
		{446286A5-6144-4CAE-A495-AF585FFBA052}.Release|Any CPU.Build.0 = Release|Any CPU
	EndGlobalSection
	GlobalSection(SolutionProperties) = preSolution
		HideSolutionNode = FALSE
	EndGlobalSection
	GlobalSection(ExtensibilityGlobals) = postSolution
		SolutionGuid = {B9145E67-62FA-4362-BFCE-164A3672F863}
	EndGlobalSection
EndGlobal
